{
  "nodes": {
    "darwin": {
      "inputs": {
        "nixpkgs": [
          "nixpkgs"
        ]
      },
      "locked": {
        "lastModified": 1687691275,
        "narHash": "sha256-VVywT8ubStvDPF5TscDBokT3T0l3zsOzCW056noh5zc=",
        "owner": "lnl7",
        "repo": "nix-darwin",
        "rev": "25ae710ba3cd448c5d5678788d37f3d149378bc0",
        "type": "github"
      },
      "original": {
        "owner": "lnl7",
        "ref": "master",
        "repo": "nix-darwin",
        "type": "github"
      }
    },
    "home-manager": {
      "inputs": {
        "nixpkgs": [
          "nixpkgs"
        ]
      },
      "locked": {
        "lastModified": 1687969886,
        "narHash": "sha256-tC2qFLmuM0PFaw0tMHVcFmzsG/351q09qa1EpuL2n1U=",
        "owner": "nix-community",
        "repo": "home-manager",
        "rev": "a7002d6bfca54742d5fc9b485a1879953b4585b9",
        "type": "github"
      },
      "original": {
        "owner": "nix-community",
        "repo": "home-manager",
        "type": "github"
      }
    },
    "nixpkgs": {
      "locked": {
        "lastModified": 1687977148,
        "narHash": "sha256-gUcXiU2GgjYIc65GOIemdBJZ+lkQxuyIh7OkR9j0gCo=",
        "owner": "nixos",
        "repo": "nixpkgs",
        "rev": "60a783e00517fce85c42c8c53fe0ed05ded5b2a4",
        "type": "github"
      },
      "original": {
        "owner": "nixos",
        "ref": "nixpkgs-unstable",
        "repo": "nixpkgs",
        "type": "github"
      }
    },
    "root": {
      "inputs": {
        "darwin": "darwin",
        "home-manager": "home-manager",
        "nixpkgs": "nixpkgs"
      }
    }
  },
  "root": "root",
  "version": 7
}
